
Microsoft Visual Studio Solution File, Format Version 12.00
# Visual Studio Version 16
VisualStudioVersion = 16.0.29728.190
MinimumVisualStudioVersion = 10.0.40219.1
Project("{FAE04EC0-301F-11D3-BF4B-00C04F79EFBC}") = "RockPaperScissors", "RockPaperScissors\RockPaperScissors.csproj", "{634A8D56-E7C2-4F62-84C5-D5B3299E9FE7}"
EndProject
Global
	GlobalSection(SolutionConfigurationPlatforms) = preSolution
		Debug|Any CPU = Debug|Any CPU
		Release|Any CPU = Release|Any CPU
	EndGlobalSection
	GlobalSection(ProjectConfigurationPlatforms) = postSolution
		{634A8D56-E7C2-4F62-84C5-D5B3299E9FE7}.Debug|Any CPU.ActiveCfg = Debug|Any CPU
		{634A8D56-E7C2-4F62-84C5-D5B3299E9FE7}.Debug|Any CPU.Build.0 = Debug|Any CPU
		{634A8D56-E7C2-4F62-84C5-D5B3299E9FE7}.Release|Any CPU.ActiveCfg = Release|Any CPU
		{634A8D56-E7C2-4F62-84C5-D5B3299E9FE7}.Release|Any CPU.Build.0 = Release|Any CPU
	EndGlobalSection
	GlobalSection(SolutionProperties) = preSolution
		HideSolutionNode = FALSE
	EndGlobalSection
	GlobalSection(ExtensibilityGlobals) = postSolution
		SolutionGuid = {0C5D598B-9D70-4EA6-91AA-C0D5F306ABA3}
	EndGlobalSection
EndGlobal
